// !$*UTF8*$!
{
	archiveVersion = 1;
	classes = {
	};
	objectVersion = 48;
	objects = {

/* Begin PBXBuildFile section */
		D13BB4281F836A820069016C /* AppDelegate.swift in Sources */ = {isa = PBXBuildFile; fileRef = D13BB4271F836A820069016C /* AppDelegate.swift */; };
		D13BB42A1F836A820069016C /* art.scnassets in Resources */ = {isa = PBXBuildFile; fileRef = D13BB4291F836A820069016C /* art.scnassets */; };
		D13BB42C1F836A820069016C /* ARQRViewController.swift in Sources */ = {isa = PBXBuildFile; fileRef = D13BB42B1F836A820069016C /* ARQRViewController.swift */; };
		D13BB4341F836A820069016C /* LaunchScreen.storyboard in Resources */ = {isa = PBXBuildFile; fileRef = D13BB4321F836A820069016C /* LaunchScreen.storyboard */; };
		D13BB43C1F8375530069016C /* QRScanner.swift in Sources */ = {isa = PBXBuildFile; fileRef = D13BB43B1F8375530069016C /* QRScanner.swift */; };
		D18F78B21F84F7FF00C77189 /* Pods_ARQR.framework in Frameworks */ = {isa = PBXBuildFile; fileRef = F778181017BC39824548F6D7 /* Pods_ARQR.framework */; };
		D19A6A311F838B9D0009C8CE /* VirtualObjectsManager.swift in Sources */ = {isa = PBXBuildFile; fileRef = D19A6A301F838B9D0009C8CE /* VirtualObjectsManager.swift */; };
		D19A6A331F83B6260009C8CE /* Extensions.swift in Sources */ = {isa = PBXBuildFile; fileRef = D19A6A321F83B6260009C8CE /* Extensions.swift */; };
		D19A6A361F84CDE60009C8CE /* VirtualObjectInfo.swift in Sources */ = {isa = PBXBuildFile; fileRef = D19A6A351F84CDE60009C8CE /* VirtualObjectInfo.swift */; };
		D19A6A381F84D0760009C8CE /* NetworkManager.swift in Sources */ = {isa = PBXBuildFile; fileRef = D19A6A371F84D0760009C8CE /* NetworkManager.swift */; };
		D1B0AFDD1F862948008F063E /* VirtualObject.swift in Sources */ = {isa = PBXBuildFile; fileRef = D1B0AFDC1F862948008F063E /* VirtualObject.swift */; };
		D1B0AFDF1F864DBD008F063E /* VirtualButton.swift in Sources */ = {isa = PBXBuildFile; fileRef = D1B0AFDE1F864DBD008F063E /* VirtualButton.swift */; };
		D1B0AFE11F866853008F063E /* VirtualButtonsContainer.swift in Sources */ = {isa = PBXBuildFile; fileRef = D1B0AFE01F866853008F063E /* VirtualButtonsContainer.swift */; };
/* End PBXBuildFile section */

/* Begin PBXFileReference section */
		12F06464ECE5E3C99021125B /* Pods-ARQR.debug.xcconfig */ = {isa = PBXFileReference; includeInIndex = 1; lastKnownFileType = text.xcconfig; name = "Pods-ARQR.debug.xcconfig"; path = "Pods/Target Support Files/Pods-ARQR/Pods-ARQR.debug.xcconfig"; sourceTree = "<group>"; };
		9F1FD043231A42A8A9BEE674 /* Pods-ARQR.release.xcconfig */ = {isa = PBXFileReference; includeInIndex = 1; lastKnownFileType = text.xcconfig; name = "Pods-ARQR.release.xcconfig"; path = "Pods/Target Support Files/Pods-ARQR/Pods-ARQR.release.xcconfig"; sourceTree = "<group>"; };
		D13BB4241F836A820069016C /* ARQR.app */ = {isa = PBXFileReference; explicitFileType = wrapper.application; includeInIndex = 0; path = ARQR.app; sourceTree = BUILT_PRODUCTS_DIR; };
		D13BB4271F836A820069016C /* AppDelegate.swift */ = {isa = PBXFileReference; lastKnownFileType = sourcecode.swift; path = AppDelegate.swift; sourceTree = "<group>"; };
		D13BB4291F836A820069016C /* art.scnassets */ = {isa = PBXFileReference; lastKnownFileType = wrapper.scnassets; path = art.scnassets; sourceTree = "<group>"; };
		D13BB42B1F836A820069016C /* ARQRViewController.swift */ = {isa = PBXFileReference; lastKnownFileType = sourcecode.swift; path = ARQRViewController.swift; sourceTree = "<group>"; };
		D13BB4331F836A820069016C /* Base */ = {isa = PBXFileReference; lastKnownFileType = file.storyboard; name = Base; path = Base.lproj/LaunchScreen.storyboard; sourceTree = "<group>"; };
		D13BB4351F836A820069016C /* Info.plist */ = {isa = PBXFileReference; lastKnownFileType = text.plist.xml; path = Info.plist; sourceTree = "<group>"; };
		D13BB43B1F8375530069016C /* QRScanner.swift */ = {isa = PBXFileReference; lastKnownFileType = sourcecode.swift; path = QRScanner.swift; sourceTree = "<group>"; };
		D18F78AA1F84F75700C77189 /* Alamofire.framework */ = {isa = PBXFileReference; explicitFileType = wrapper.framework; path = Alamofire.framework; sourceTree = BUILT_PRODUCTS_DIR; };
		D19A6A301F838B9D0009C8CE /* VirtualObjectsManager.swift */ = {isa = PBXFileReference; lastKnownFileType = sourcecode.swift; path = VirtualObjectsManager.swift; sourceTree = "<group>"; };
		D19A6A321F83B6260009C8CE /* Extensions.swift */ = {isa = PBXFileReference; lastKnownFileType = sourcecode.swift; path = Extensions.swift; sourceTree = "<group>"; };
		D19A6A351F84CDE60009C8CE /* VirtualObjectInfo.swift */ = {isa = PBXFileReference; lastKnownFileType = sourcecode.swift; path = VirtualObjectInfo.swift; sourceTree = "<group>"; };
		D19A6A371F84D0760009C8CE /* NetworkManager.swift */ = {isa = PBXFileReference; lastKnownFileType = sourcecode.swift; path = NetworkManager.swift; sourceTree = "<group>"; };
		D1B0AFDC1F862948008F063E /* VirtualObject.swift */ = {isa = PBXFileReference; lastKnownFileType = sourcecode.swift; path = VirtualObject.swift; sourceTree = "<group>"; };
		D1B0AFDE1F864DBD008F063E /* VirtualButton.swift */ = {isa = PBXFileReference; lastKnownFileType = sourcecode.swift; path = VirtualButton.swift; sourceTree = "<group>"; };
		D1B0AFE01F866853008F063E /* VirtualButtonsContainer.swift */ = {isa = PBXFileReference; lastKnownFileType = sourcecode.swift; path = VirtualButtonsContainer.swift; sourceTree = "<group>"; };
		D1B0B0061F87BD54008F063E /* Assets.xcassets */ = {isa = PBXFileReference; lastKnownFileType = folder.assetcatalog; name = Assets.xcassets; path = /Users/walter/Documents/Dev/ARQR/ARQR/Assets.xcassets; sourceTree = "<absolute>"; };
		F778181017BC39824548F6D7 /* Pods_ARQR.framework */ = {isa = PBXFileReference; explicitFileType = wrapper.framework; includeInIndex = 0; path = Pods_ARQR.framework; sourceTree = BUILT_PRODUCTS_DIR; };
/* End PBXFileReference section */

/* Begin PBXFrameworksBuildPhase section */
		D13BB4211F836A820069016C /* Frameworks */ = {
			isa = PBXFrameworksBuildPhase;
			buildActionMask = 2147483647;
			files = (
				D18F78B21F84F7FF00C77189 /* Pods_ARQR.framework in Frameworks */,
			);
			runOnlyForDeploymentPostprocessing = 0;
		};
/* End PBXFrameworksBuildPhase section */

/* Begin PBXGroup section */
		0738EF53FD02B90300DA119A /* Frameworks */ = {
			isa = PBXGroup;
			children = (
				D18F78AA1F84F75700C77189 /* Alamofire.framework */,
				F778181017BC39824548F6D7 /* Pods_ARQR.framework */,
			);
			name = Frameworks;
			sourceTree = "<group>";
		};
		D13BB41B1F836A820069016C = {
			isa = PBXGroup;
			children = (
				D13BB4261F836A820069016C /* ARQR */,
				D13BB4251F836A820069016C /* Products */,
				D7A9B6B9C22A8FEB00D70475 /* Pods */,
				0738EF53FD02B90300DA119A /* Frameworks */,
			);
			sourceTree = "<group>";
		};
		D13BB4251F836A820069016C /* Products */ = {
			isa = PBXGroup;
			children = (
				D13BB4241F836A820069016C /* ARQR.app */,
			);
			name = Products;
			sourceTree = "<group>";
		};
		D13BB4261F836A820069016C /* ARQR */ = {
			isa = PBXGroup;
			children = (
				D13BB4351F836A820069016C /* Info.plist */,
				D13BB4321F836A820069016C /* LaunchScreen.storyboard */,
				D13BB4271F836A820069016C /* AppDelegate.swift */,
				D13BB4291F836A820069016C /* art.scnassets */,
				D1B0B0061F87BD54008F063E /* Assets.xcassets */,
				D13BB42B1F836A820069016C /* ARQRViewController.swift */,
				D1B0B0051F87BC94008F063E /* AR Components */,
				D19A6A341F84CDA50009C8CE /* Data */,
				D1B0B0041F87BC5B008F063E /* Utils */,
			);
			path = ARQR;
			sourceTree = "<group>";
		};
		D19A6A341F84CDA50009C8CE /* Data */ = {
			isa = PBXGroup;
			children = (
				D19A6A351F84CDE60009C8CE /* VirtualObjectInfo.swift */,
				D19A6A371F84D0760009C8CE /* NetworkManager.swift */,
			);
			path = Data;
			sourceTree = "<group>";
		};
		D1B0B0041F87BC5B008F063E /* Utils */ = {
			isa = PBXGroup;
			children = (
				D13BB43B1F8375530069016C /* QRScanner.swift */,
				D19A6A321F83B6260009C8CE /* Extensions.swift */,
			);
			path = Utils;
			sourceTree = "<group>";
		};
		D1B0B0051F87BC94008F063E /* AR Components */ = {
			isa = PBXGroup;
			children = (
				D1B0AFE01F866853008F063E /* VirtualButtonsContainer.swift */,
				D1B0AFDE1F864DBD008F063E /* VirtualButton.swift */,
				D1B0AFDC1F862948008F063E /* VirtualObject.swift */,
				D19A6A301F838B9D0009C8CE /* VirtualObjectsManager.swift */,
			);
			path = "AR Components";
			sourceTree = "<group>";
		};
		D7A9B6B9C22A8FEB00D70475 /* Pods */ = {
			isa = PBXGroup;
			children = (
				12F06464ECE5E3C99021125B /* Pods-ARQR.debug.xcconfig */,
				9F1FD043231A42A8A9BEE674 /* Pods-ARQR.release.xcconfig */,
			);
			name = Pods;
			sourceTree = "<group>";
		};
/* End PBXGroup section */

/* Begin PBXNativeTarget section */
		D13BB4231F836A820069016C /* ARQR */ = {
			isa = PBXNativeTarget;
			buildConfigurationList = D13BB4381F836A820069016C /* Build configuration list for PBXNativeTarget "ARQR" */;
			buildPhases = (
				F30156944E35E8FC33356225 /* [CP] Check Pods Manifest.lock */,
				D13BB4201F836A820069016C /* Sources */,
				D13BB4211F836A820069016C /* Frameworks */,
				D13BB4221F836A820069016C /* Resources */,
				43D7893FB416236DF09357BB /* [CP] Embed Pods Frameworks */,
				5E2D279EC4B4C1B2CF8CB765 /* [CP] Copy Pods Resources */,
			);
			buildRules = (
			);
			dependencies = (
			);
			name = ARQR;
			productName = ARQR;
			productReference = D13BB4241F836A820069016C /* ARQR.app */;
			productType = "com.apple.product-type.application";
		};
/* End PBXNativeTarget section */

/* Begin PBXProject section */
		D13BB41C1F836A820069016C /* Project object */ = {
			isa = PBXProject;
			attributes = {
				LastSwiftUpdateCheck = 0900;
				LastUpgradeCheck = 0900;
				ORGANIZATIONNAME = "Walter Nordström";
				TargetAttributes = {
					D13BB4231F836A820069016C = {
						CreatedOnToolsVersion = 9.0;
						ProvisioningStyle = Automatic;
					};
				};
			};
			buildConfigurationList = D13BB41F1F836A820069016C /* Build configuration list for PBXProject "ARQR" */;
			compatibilityVersion = "Xcode 8.0";
			developmentRegion = en;
			hasScannedForEncodings = 0;
			knownRegions = (
				en,
				Base,
			);
			mainGroup = D13BB41B1F836A820069016C;
			productRefGroup = D13BB4251F836A820069016C /* Products */;
			projectDirPath = "";
			projectRoot = "";
			targets = (
				D13BB4231F836A820069016C /* ARQR */,
			);
		};
/* End PBXProject section */

/* Begin PBXResourcesBuildPhase section */
		D13BB4221F836A820069016C /* Resources */ = {
			isa = PBXResourcesBuildPhase;
			buildActionMask = 2147483647;
			files = (
				D13BB42A1F836A820069016C /* art.scnassets in Resources */,
				D13BB4341F836A820069016C /* LaunchScreen.storyboard in Resources */,
			);
			runOnlyForDeploymentPostprocessing = 0;
		};
/* End PBXResourcesBuildPhase section */

/* Begin PBXShellScriptBuildPhase section */
		43D7893FB416236DF09357BB /* [CP] Embed Pods Frameworks */ = {
			isa = PBXShellScriptBuildPhase;
			buildActionMask = 2147483647;
			files = (
			);
			inputPaths = (
				"${SRCROOT}/Pods/Target Support Files/Pods-ARQR/Pods-ARQR-frameworks.sh",
				"${BUILT_PRODUCTS_DIR}/Alamofire/Alamofire.framework",
				"${BUILT_PRODUCTS_DIR}/Zip/Zip.framework",
			);
			name = "[CP] Embed Pods Frameworks";
			outputPaths = (
				"${TARGET_BUILD_DIR}/${FRAMEWORKS_FOLDER_PATH}/Alamofire.framework",
				"${TARGET_BUILD_DIR}/${FRAMEWORKS_FOLDER_PATH}/Zip.framework",
			);
			runOnlyForDeploymentPostprocessing = 0;
			shellPath = /bin/sh;
			shellScript = "\"${SRCROOT}/Pods/Target Support Files/Pods-ARQR/Pods-ARQR-frameworks.sh\"\n";
			showEnvVarsInLog = 0;
		};
		5E2D279EC4B4C1B2CF8CB765 /* [CP] Copy Pods Resources */ = {
			isa = PBXShellScriptBuildPhase;
			buildActionMask = 2147483647;
			files = (
			);
			inputPaths = (
			);
			name = "[CP] Copy Pods Resources";
			outputPaths = (
			);
			runOnlyForDeploymentPostprocessing = 0;
			shellPath = /bin/sh;
			shellScript = "\"${SRCROOT}/Pods/Target Support Files/Pods-ARQR/Pods-ARQR-resources.sh\"\n";
			showEnvVarsInLog = 0;
		};
		F30156944E35E8FC33356225 /* [CP] Check Pods Manifest.lock */ = {
			isa = PBXShellScriptBuildPhase;
			buildActionMask = 2147483647;
			files = (
			);
			inputPaths = (
				"${PODS_PODFILE_DIR_PATH}/Podfile.lock",
				"${PODS_ROOT}/Manifest.lock",
			);
			name = "[CP] Check Pods Manifest.lock";
			outputPaths = (
				"$(DERIVED_FILE_DIR)/Pods-ARQR-checkManifestLockResult.txt",
			);
			runOnlyForDeploymentPostprocessing = 0;
			shellPath = /bin/sh;
			shellScript = "diff \"${PODS_PODFILE_DIR_PATH}/Podfile.lock\" \"${PODS_ROOT}/Manifest.lock\" > /dev/null\nif [ $? != 0 ] ; then\n    # print error to STDERR\n    echo \"error: The sandbox is not in sync with the Podfile.lock. Run 'pod install' or update your CocoaPods installation.\" >&2\n    exit 1\nfi\n# This output is used by Xcode 'outputs' to avoid re-running this script phase.\necho \"SUCCESS\" > \"${SCRIPT_OUTPUT_FILE_0}\"\n";
			showEnvVarsInLog = 0;
		};
/* End PBXShellScriptBuildPhase section */

/* Begin PBXSourcesBuildPhase section */
		D13BB4201F836A820069016C /* Sources */ = {
			isa = PBXSourcesBuildPhase;
			buildActionMask = 2147483647;
			files = (
				D19A6A361F84CDE60009C8CE /* VirtualObjectInfo.swift in Sources */,
				D1B0AFE11F866853008F063E /* VirtualButtonsContainer.swift in Sources */,
				D19A6A331F83B6260009C8CE /* Extensions.swift in Sources */,
				D13BB43C1F8375530069016C /* QRScanner.swift in Sources */,
				D13BB42C1F836A820069016C /* ARQRViewController.swift in Sources */,
				D1B0AFDF1F864DBD008F063E /* VirtualButton.swift in Sources */,
				D1B0AFDD1F862948008F063E /* VirtualObject.swift in Sources */,
				D19A6A311F838B9D0009C8CE /* VirtualObjectsManager.swift in Sources */,
				D19A6A381F84D0760009C8CE /* NetworkManager.swift in Sources */,
				D13BB4281F836A820069016C /* AppDelegate.swift in Sources */,
			);
			runOnlyForDeploymentPostprocessing = 0;
		};
/* End PBXSourcesBuildPhase section */

/* Begin PBXVariantGroup section */
		D13BB4321F836A820069016C /* LaunchScreen.storyboard */ = {
			isa = PBXVariantGroup;
			children = (
				D13BB4331F836A820069016C /* Base */,
			);
			name = LaunchScreen.storyboard;
			sourceTree = "<group>";
		};
/* End PBXVariantGroup section */

/* Begin XCBuildConfiguration section */
		D13BB4361F836A820069016C /* Debug */ = {
			isa = XCBuildConfiguration;
			buildSettings = {
				ALWAYS_SEARCH_USER_PATHS = NO;
				CLANG_ANALYZER_NONNULL = YES;
				CLANG_ANALYZER_NUMBER_OBJECT_CONVERSION = YES_AGGRESSIVE;
				CLANG_CXX_LANGUAGE_STANDARD = "gnu++14";
				CLANG_CXX_LIBRARY = "libc++";
				CLANG_ENABLE_MODULES = YES;
				CLANG_ENABLE_OBJC_ARC = YES;
				CLANG_WARN_BLOCK_CAPTURE_AUTORELEASING = YES;
				CLANG_WARN_BOOL_CONVERSION = YES;
				CLANG_WARN_COMMA = YES;
				CLANG_WARN_CONSTANT_CONVERSION = YES;
				CLANG_WARN_DIRECT_OBJC_ISA_USAGE = YES_ERROR;
				CLANG_WARN_DOCUMENTATION_COMMENTS = YES;
				CLANG_WARN_EMPTY_BODY = YES;
				CLANG_WARN_ENUM_CONVERSION = YES;
				CLANG_WARN_INFINITE_RECURSION = YES;
				CLANG_WARN_INT_CONVERSION = YES;
				CLANG_WARN_NON_LITERAL_NULL_CONVERSION = YES;
				CLANG_WARN_OBJC_LITERAL_CONVERSION = YES;
				CLANG_WARN_OBJC_ROOT_CLASS = YES_ERROR;
				CLANG_WARN_RANGE_LOOP_ANALYSIS = YES;
				CLANG_WARN_STRICT_PROTOTYPES = YES;
				CLANG_WARN_SUSPICIOUS_MOVE = YES;
				CLANG_WARN_UNGUARDED_AVAILABILITY = YES_AGGRESSIVE;
				CLANG_WARN_UNREACHABLE_CODE = YES;
				CLANG_WARN__DUPLICATE_METHOD_MATCH = YES;
				CODE_SIGN_IDENTITY = "iPhone Developer";
				COPY_PHASE_STRIP = NO;
				DEBUG_INFORMATION_FORMAT = dwarf;
				ENABLE_STRICT_OBJC_MSGSEND = YES;
				ENABLE_TESTABILITY = YES;
				GCC_C_LANGUAGE_STANDARD = gnu11;
				GCC_DYNAMIC_NO_PIC = NO;
				GCC_NO_COMMON_BLOCKS = YES;
				GCC_OPTIMIZATION_LEVEL = 0;
				GCC_PREPROCESSOR_DEFINITIONS = (
					"DEBUG=1",
					"$(inherited)",
				);
				GCC_WARN_64_TO_32_BIT_CONVERSION = YES;
				GCC_WARN_ABOUT_RETURN_TYPE = YES_ERROR;
				GCC_WARN_UNDECLARED_SELECTOR = YES;
				GCC_WARN_UNINITIALIZED_AUTOS = YES_AGGRESSIVE;
				GCC_WARN_UNUSED_FUNCTION = YES;
				GCC_WARN_UNUSED_VARIABLE = YES;
				IPHONEOS_DEPLOYMENT_TARGET = 11.0;
				MTL_ENABLE_DEBUG_INFO = YES;
				ONLY_ACTIVE_ARCH = YES;
				SDKROOT = iphoneos;
				SWIFT_ACTIVE_COMPILATION_CONDITIONS = DEBUG;
				SWIFT_OPTIMIZATION_LEVEL = "-Onone";
			};
			name = Debug;
		};
		D13BB4371F836A820069016C /* Release */ = {
			isa = XCBuildConfiguration;
			buildSettings = {
				ALWAYS_SEARCH_USER_PATHS = NO;
				CLANG_ANALYZER_NONNULL = YES;
				CLANG_ANALYZER_NUMBER_OBJECT_CONVERSION = YES_AGGRESSIVE;
				CLANG_CXX_LANGUAGE_STANDARD = "gnu++14";
				CLANG_CXX_LIBRARY = "libc++";
				CLANG_ENABLE_MODULES = YES;
				CLANG_ENABLE_OBJC_ARC = YES;
				CLANG_WARN_BLOCK_CAPTURE_AUTORELEASING = YES;
				CLANG_WARN_BOOL_CONVERSION = YES;
				CLANG_WARN_COMMA = YES;
				CLANG_WARN_CONSTANT_CONVERSION = YES;
				CLANG_WARN_DIRECT_OBJC_ISA_USAGE = YES_ERROR;
				CLANG_WARN_DOCUMENTATION_COMMENTS = YES;
				CLANG_WARN_EMPTY_BODY = YES;
				CLANG_WARN_ENUM_CONVERSION = YES;
				CLANG_WARN_INFINITE_RECURSION = YES;
				CLANG_WARN_INT_CONVERSION = YES;
				CLANG_WARN_NON_LITERAL_NULL_CONVERSION = YES;
				CLANG_WARN_OBJC_LITERAL_CONVERSION = YES;
				CLANG_WARN_OBJC_ROOT_CLASS = YES_ERROR;
				CLANG_WARN_RANGE_LOOP_ANALYSIS = YES;
				CLANG_WARN_STRICT_PROTOTYPES = YES;
				CLANG_WARN_SUSPICIOUS_MOVE = YES;
				CLANG_WARN_UNGUARDED_AVAILABILITY = YES_AGGRESSIVE;
				CLANG_WARN_UNREACHABLE_CODE = YES;
				CLANG_WARN__DUPLICATE_METHOD_MATCH = YES;
				CODE_SIGN_IDENTITY = "iPhone Developer";
				COPY_PHASE_STRIP = NO;
				DEBUG_INFORMATION_FORMAT = "dwarf-with-dsym";
				ENABLE_NS_ASSERTIONS = NO;
				ENABLE_STRICT_OBJC_MSGSEND = YES;
				GCC_C_LANGUAGE_STANDARD = gnu11;
				GCC_NO_COMMON_BLOCKS = YES;
				GCC_WARN_64_TO_32_BIT_CONVERSION = YES;
				GCC_WARN_ABOUT_RETURN_TYPE = YES_ERROR;
				GCC_WARN_UNDECLARED_SELECTOR = YES;
				GCC_WARN_UNINITIALIZED_AUTOS = YES_AGGRESSIVE;
				GCC_WARN_UNUSED_FUNCTION = YES;
				GCC_WARN_UNUSED_VARIABLE = YES;
				IPHONEOS_DEPLOYMENT_TARGET = 11.0;
				MTL_ENABLE_DEBUG_INFO = NO;
				SDKROOT = iphoneos;
				SWIFT_OPTIMIZATION_LEVEL = "-Owholemodule";
				VALIDATE_PRODUCT = YES;
			};
			name = Release;
		};
		D13BB4391F836A820069016C /* Debug */ = {
			isa = XCBuildConfiguration;
			baseConfigurationReference = 12F06464ECE5E3C99021125B /* Pods-ARQR.debug.xcconfig */;
			buildSettings = {
				ASSETCATALOG_COMPILER_APPICON_NAME = AppIcon;
				CODE_SIGN_STYLE = Automatic;
				DEVELOPMENT_TEAM = 79F3NR2X3S;
				INFOPLIST_FILE = ARQR/Info.plist;
				LD_RUNPATH_SEARCH_PATHS = "$(inherited) @executable_path/Frameworks";
				PRODUCT_BUNDLE_IDENTIFIER = com.nstrm.ARQR;
				PRODUCT_NAME = "$(TARGET_NAME)";
				SWIFT_VERSION = 4.0;
				TARGETED_DEVICE_FAMILY = "1,2";
			};
			name = Debug;
		};
		D13BB43A1F836A820069016C /* Release */ = {
			isa = XCBuildConfiguration;
			baseConfigurationReference = 9F1FD043231A42A8A9BEE674 /* Pods-ARQR.release.xcconfig */;
			buildSettings = {
				ASSETCATALOG_COMPILER_APPICON_NAME = AppIcon;
				CODE_SIGN_STYLE = Automatic;
				DEVELOPMENT_TEAM = 79F3NR2X3S;
				INFOPLIST_FILE = ARQR/Info.plist;
				LD_RUNPATH_SEARCH_PATHS = "$(inherited) @executable_path/Frameworks";
				PRODUCT_BUNDLE_IDENTIFIER = com.nstrm.ARQR;
				PRODUCT_NAME = "$(TARGET_NAME)";
				SWIFT_VERSION = 4.0;
				TARGETED_DEVICE_FAMILY = "1,2";
			};
			name = Release;
		};
/* End XCBuildConfiguration section */

/* Begin XCConfigurationList section */
		D13BB41F1F836A820069016C /* Build configuration list for PBXProject "ARQR" */ = {
			isa = XCConfigurationList;
			buildConfigurations = (
				D13BB4361F836A820069016C /* Debug */,
				D13BB4371F836A820069016C /* Release */,
			);
			defaultConfigurationIsVisible = 0;
			defaultConfigurationName = Release;
		};
		D13BB4381F836A820069016C /* Build configuration list for PBXNativeTarget "ARQR" */ = {
			isa = XCConfigurationList;
			buildConfigurations = (
				D13BB4391F836A820069016C /* Debug */,
				D13BB43A1F836A820069016C /* Release */,
			);
			defaultConfigurationIsVisible = 0;
			defaultConfigurationName = Release;
		};
/* End XCConfigurationList section */
	};
	rootObject = D13BB41C1F836A820069016C /* Project object */;
}
